
Microsoft Visual Studio Solution File, Format Version 12.00
# Visual Studio Version 17
VisualStudioVersion = 17.5.33530.505
MinimumVisualStudioVersion = 10.0.40219.1
Project("{888888A0-9F3D-457C-B088-3A5042F75D52}") = "Rabota17", "Rabota17.pyproj", "{D4C10307-918F-49D1-9CAB-7CEE73DAE723}"
EndProject
Global
	GlobalSection(SolutionConfigurationPlatforms) = preSolution
		Debug|Any CPU = Debug|Any CPU
		Release|Any CPU = Release|Any CPU
	EndGlobalSection
	GlobalSection(ProjectConfigurationPlatforms) = postSolution
		{D4C10307-918F-49D1-9CAB-7CEE73DAE723}.Debug|Any CPU.ActiveCfg = Debug|Any CPU
		{D4C10307-918F-49D1-9CAB-7CEE73DAE723}.Release|Any CPU.ActiveCfg = Release|Any CPU
	EndGlobalSection
	GlobalSection(SolutionProperties) = preSolution
		HideSolutionNode = FALSE
	EndGlobalSection
	GlobalSection(ExtensibilityGlobals) = postSolution
		SolutionGuid = {8E56B688-C764-4587-9B3B-21492FA11C31}
	EndGlobalSection
EndGlobal
